// !$*UTF8*$!
{
	archiveVersion = 1;
	classes = {
	};
	objectVersion = 56;
	objects = {

/* Begin PBXBuildFile section */
		4A1487F02CB0126C00996524 /* EmojiArtDocument.swift in Sources */ = {isa = PBXBuildFile; fileRef = 4A1487EF2CB0126C00996524 /* EmojiArtDocument.swift */; };
		4A1487F22CB0144800996524 /* EmojiArtDocumentView.swift in Sources */ = {isa = PBXBuildFile; fileRef = 4A1487F12CB0144800996524 /* EmojiArtDocumentView.swift */; };
		4A1487F42CB0156500996524 /* Extensions.swift in Sources */ = {isa = PBXBuildFile; fileRef = 4A1487F32CB0156500996524 /* Extensions.swift */; };
		4A1CF3422CB0FB030028399B /* Sturldata.swift in Sources */ = {isa = PBXBuildFile; fileRef = 4A1CF3412CB0FB030028399B /* Sturldata.swift */; };
		4A1CF3442CB231C20028399B /* Palette.swift in Sources */ = {isa = PBXBuildFile; fileRef = 4A1CF3432CB231C10028399B /* Palette.swift */; };
		4A1CF3462CB2335F0028399B /* PaletteStore.swift in Sources */ = {isa = PBXBuildFile; fileRef = 4A1CF3452CB2335F0028399B /* PaletteStore.swift */; };
		4A1CF3482CB2383F0028399B /* PaletteChooser.swift in Sources */ = {isa = PBXBuildFile; fileRef = 4A1CF3472CB2383F0028399B /* PaletteChooser.swift */; };
		4A4E5E6F2CB40F2300627E09 /* PaletteEditor.swift in Sources */ = {isa = PBXBuildFile; fileRef = 4A4E5E6E2CB40F2300627E09 /* PaletteEditor.swift */; };
		4A4E5E712CB41CF200627E09 /* PaletteList.swift in Sources */ = {isa = PBXBuildFile; fileRef = 4A4E5E702CB41CF200627E09 /* PaletteList.swift */; };
		4A6EA26C2CAFCA170064FC06 /* EmojiArtApp.swift in Sources */ = {isa = PBXBuildFile; fileRef = 4A6EA26B2CAFCA170064FC06 /* EmojiArtApp.swift */; };
		4A6EA26E2CAFCA170064FC06 /* ContentView.swift in Sources */ = {isa = PBXBuildFile; fileRef = 4A6EA26D2CAFCA170064FC06 /* ContentView.swift */; };
		4A6EA2702CAFCA1E0064FC06 /* Assets.xcassets in Resources */ = {isa = PBXBuildFile; fileRef = 4A6EA26F2CAFCA1E0064FC06 /* Assets.xcassets */; };
		4A6EA2732CAFCA1E0064FC06 /* Preview Assets.xcassets in Resources */ = {isa = PBXBuildFile; fileRef = 4A6EA2722CAFCA1E0064FC06 /* Preview Assets.xcassets */; };
		4A6EA27A2CB00BCF0064FC06 /* EmojiArt.swift in Sources */ = {isa = PBXBuildFile; fileRef = 4A6EA2792CB00BCE0064FC06 /* EmojiArt.swift */; };
		4AEC5DE12CB5596100FE6C1C /* PaletteManager.swift in Sources */ = {isa = PBXBuildFile; fileRef = 4AEC5DE02CB5596100FE6C1C /* PaletteManager.swift */; };
/* End PBXBuildFile section */

/* Begin PBXFileReference section */
		4A1487EF2CB0126C00996524 /* EmojiArtDocument.swift */ = {isa = PBXFileReference; lastKnownFileType = sourcecode.swift; path = EmojiArtDocument.swift; sourceTree = "<group>"; };
		4A1487F12CB0144800996524 /* EmojiArtDocumentView.swift */ = {isa = PBXFileReference; lastKnownFileType = sourcecode.swift; path = EmojiArtDocumentView.swift; sourceTree = "<group>"; };
		4A1487F32CB0156500996524 /* Extensions.swift */ = {isa = PBXFileReference; fileEncoding = 4; lastKnownFileType = sourcecode.swift; path = Extensions.swift; sourceTree = "<group>"; };
		4A1CF3412CB0FB030028399B /* Sturldata.swift */ = {isa = PBXFileReference; fileEncoding = 4; lastKnownFileType = sourcecode.swift; path = Sturldata.swift; sourceTree = "<group>"; };
		4A1CF3432CB231C10028399B /* Palette.swift */ = {isa = PBXFileReference; lastKnownFileType = sourcecode.swift; path = Palette.swift; sourceTree = "<group>"; };
		4A1CF3452CB2335F0028399B /* PaletteStore.swift */ = {isa = PBXFileReference; lastKnownFileType = sourcecode.swift; path = PaletteStore.swift; sourceTree = "<group>"; };
		4A1CF3472CB2383F0028399B /* PaletteChooser.swift */ = {isa = PBXFileReference; lastKnownFileType = sourcecode.swift; path = PaletteChooser.swift; sourceTree = "<group>"; };
		4A3F9EBB2CB6B359000DC686 /* Info.plist */ = {isa = PBXFileReference; lastKnownFileType = text.plist; path = Info.plist; sourceTree = "<group>"; };
		4A4E5E6E2CB40F2300627E09 /* PaletteEditor.swift */ = {isa = PBXFileReference; lastKnownFileType = sourcecode.swift; path = PaletteEditor.swift; sourceTree = "<group>"; };
		4A4E5E702CB41CF200627E09 /* PaletteList.swift */ = {isa = PBXFileReference; lastKnownFileType = sourcecode.swift; path = PaletteList.swift; sourceTree = "<group>"; };
		4A6EA2682CAFCA170064FC06 /* EmojiArt.app */ = {isa = PBXFileReference; explicitFileType = wrapper.application; includeInIndex = 0; path = EmojiArt.app; sourceTree = BUILT_PRODUCTS_DIR; };
		4A6EA26B2CAFCA170064FC06 /* EmojiArtApp.swift */ = {isa = PBXFileReference; lastKnownFileType = sourcecode.swift; path = EmojiArtApp.swift; sourceTree = "<group>"; };
		4A6EA26D2CAFCA170064FC06 /* ContentView.swift */ = {isa = PBXFileReference; lastKnownFileType = sourcecode.swift; path = ContentView.swift; sourceTree = "<group>"; };
		4A6EA26F2CAFCA1E0064FC06 /* Assets.xcassets */ = {isa = PBXFileReference; lastKnownFileType = folder.assetcatalog; path = Assets.xcassets; sourceTree = "<group>"; };
		4A6EA2722CAFCA1E0064FC06 /* Preview Assets.xcassets */ = {isa = PBXFileReference; lastKnownFileType = folder.assetcatalog; path = "Preview Assets.xcassets"; sourceTree = "<group>"; };
		4A6EA2792CB00BCE0064FC06 /* EmojiArt.swift */ = {isa = PBXFileReference; lastKnownFileType = sourcecode.swift; path = EmojiArt.swift; sourceTree = "<group>"; };
		4AEC5DE02CB5596100FE6C1C /* PaletteManager.swift */ = {isa = PBXFileReference; lastKnownFileType = sourcecode.swift; path = PaletteManager.swift; sourceTree = "<group>"; };
/* End PBXFileReference section */

/* Begin PBXFrameworksBuildPhase section */
		4A6EA2652CAFCA170064FC06 /* Frameworks */ = {
			isa = PBXFrameworksBuildPhase;
			buildActionMask = 2147483647;
			files = (
			);
			runOnlyForDeploymentPostprocessing = 0;
		};
/* End PBXFrameworksBuildPhase section */

/* Begin PBXGroup section */
		4A6EA25F2CAFCA170064FC06 = {
			isa = PBXGroup;
			children = (
				4A6EA26A2CAFCA170064FC06 /* EmojiArt */,
				4A6EA2692CAFCA170064FC06 /* Products */,
			);
			sourceTree = "<group>";
		};
		4A6EA2692CAFCA170064FC06 /* Products */ = {
			isa = PBXGroup;
			children = (
				4A6EA2682CAFCA170064FC06 /* EmojiArt.app */,
			);
			name = Products;
			sourceTree = "<group>";
		};
		4A6EA26A2CAFCA170064FC06 /* EmojiArt */ = {
			isa = PBXGroup;
			children = (
				4A3F9EBB2CB6B359000DC686 /* Info.plist */,
				4A6EA26B2CAFCA170064FC06 /* EmojiArtApp.swift */,
				4A6EA2792CB00BCE0064FC06 /* EmojiArt.swift */,
				4A1487EF2CB0126C00996524 /* EmojiArtDocument.swift */,
				4A1487F12CB0144800996524 /* EmojiArtDocumentView.swift */,
				4A4E5E6E2CB40F2300627E09 /* PaletteEditor.swift */,
				4A1CF3472CB2383F0028399B /* PaletteChooser.swift */,
				4A4E5E702CB41CF200627E09 /* PaletteList.swift */,
				4AEC5DE02CB5596100FE6C1C /* PaletteManager.swift */,
				4A1CF3432CB231C10028399B /* Palette.swift */,
				4A1CF3452CB2335F0028399B /* PaletteStore.swift */,
				4A6EA26D2CAFCA170064FC06 /* ContentView.swift */,
				4A1487F32CB0156500996524 /* Extensions.swift */,
				4A1CF3412CB0FB030028399B /* Sturldata.swift */,
				4A6EA26F2CAFCA1E0064FC06 /* Assets.xcassets */,
				4A6EA2712CAFCA1E0064FC06 /* Preview Content */,
			);
			path = EmojiArt;
			sourceTree = "<group>";
		};
		4A6EA2712CAFCA1E0064FC06 /* Preview Content */ = {
			isa = PBXGroup;
			children = (
				4A6EA2722CAFCA1E0064FC06 /* Preview Assets.xcassets */,
			);
			path = "Preview Content";
			sourceTree = "<group>";
		};
/* End PBXGroup section */

/* Begin PBXNativeTarget section */
		4A6EA2672CAFCA170064FC06 /* EmojiArt */ = {
			isa = PBXNativeTarget;
			buildConfigurationList = 4A6EA2762CAFCA1E0064FC06 /* Build configuration list for PBXNativeTarget "EmojiArt" */;
			buildPhases = (
				4A6EA2642CAFCA170064FC06 /* Sources */,
				4A6EA2652CAFCA170064FC06 /* Frameworks */,
				4A6EA2662CAFCA170064FC06 /* Resources */,
			);
			buildRules = (
			);
			dependencies = (
			);
			name = EmojiArt;
			productName = EmojiArt;
			productReference = 4A6EA2682CAFCA170064FC06 /* EmojiArt.app */;
			productType = "com.apple.product-type.application";
		};
/* End PBXNativeTarget section */

/* Begin PBXProject section */
		4A6EA2602CAFCA170064FC06 /* Project object */ = {
			isa = PBXProject;
			attributes = {
				BuildIndependentTargetsInParallel = 1;
				LastSwiftUpdateCheck = 1540;
				LastUpgradeCheck = 1540;
				TargetAttributes = {
					4A6EA2672CAFCA170064FC06 = {
						CreatedOnToolsVersion = 15.4;
					};
				};
			};
			buildConfigurationList = 4A6EA2632CAFCA170064FC06 /* Build configuration list for PBXProject "EmojiArt" */;
			compatibilityVersion = "Xcode 14.0";
			developmentRegion = en;
			hasScannedForEncodings = 0;
			knownRegions = (
				en,
				Base,
			);
			mainGroup = 4A6EA25F2CAFCA170064FC06;
			productRefGroup = 4A6EA2692CAFCA170064FC06 /* Products */;
			projectDirPath = "";
			projectRoot = "";
			targets = (
				4A6EA2672CAFCA170064FC06 /* EmojiArt */,
			);
		};
/* End PBXProject section */

/* Begin PBXResourcesBuildPhase section */
		4A6EA2662CAFCA170064FC06 /* Resources */ = {
			isa = PBXResourcesBuildPhase;
			buildActionMask = 2147483647;
			files = (
				4A6EA2732CAFCA1E0064FC06 /* Preview Assets.xcassets in Resources */,
				4A6EA2702CAFCA1E0064FC06 /* Assets.xcassets in Resources */,
			);
			runOnlyForDeploymentPostprocessing = 0;
		};
/* End PBXResourcesBuildPhase section */

/* Begin PBXSourcesBuildPhase section */
		4A6EA2642CAFCA170064FC06 /* Sources */ = {
			isa = PBXSourcesBuildPhase;
			buildActionMask = 2147483647;
			files = (
				4AEC5DE12CB5596100FE6C1C /* PaletteManager.swift in Sources */,
				4A1CF3422CB0FB030028399B /* Sturldata.swift in Sources */,
				4A1487F22CB0144800996524 /* EmojiArtDocumentView.swift in Sources */,
				4A1487F42CB0156500996524 /* Extensions.swift in Sources */,
				4A4E5E712CB41CF200627E09 /* PaletteList.swift in Sources */,
				4A6EA27A2CB00BCF0064FC06 /* EmojiArt.swift in Sources */,
				4A1CF3462CB2335F0028399B /* PaletteStore.swift in Sources */,
				4A6EA26E2CAFCA170064FC06 /* ContentView.swift in Sources */,
				4A4E5E6F2CB40F2300627E09 /* PaletteEditor.swift in Sources */,
				4A6EA26C2CAFCA170064FC06 /* EmojiArtApp.swift in Sources */,
				4A1487F02CB0126C00996524 /* EmojiArtDocument.swift in Sources */,
				4A1CF3442CB231C20028399B /* Palette.swift in Sources */,
				4A1CF3482CB2383F0028399B /* PaletteChooser.swift in Sources */,
			);
			runOnlyForDeploymentPostprocessing = 0;
		};
/* End PBXSourcesBuildPhase section */

/* Begin XCBuildConfiguration section */
		4A6EA2742CAFCA1E0064FC06 /* Debug */ = {
			isa = XCBuildConfiguration;
			buildSettings = {
				ALWAYS_SEARCH_USER_PATHS = NO;
				ASSETCATALOG_COMPILER_GENERATE_SWIFT_ASSET_SYMBOL_EXTENSIONS = YES;
				CLANG_ANALYZER_NONNULL = YES;
				CLANG_ANALYZER_NUMBER_OBJECT_CONVERSION = YES_AGGRESSIVE;
				CLANG_CXX_LANGUAGE_STANDARD = "gnu++20";
				CLANG_ENABLE_MODULES = YES;
				CLANG_ENABLE_OBJC_ARC = YES;
				CLANG_ENABLE_OBJC_WEAK = YES;
				CLANG_WARN_BLOCK_CAPTURE_AUTORELEASING = YES;
				CLANG_WARN_BOOL_CONVERSION = YES;
				CLANG_WARN_COMMA = YES;
				CLANG_WARN_CONSTANT_CONVERSION = YES;
				CLANG_WARN_DEPRECATED_OBJC_IMPLEMENTATIONS = YES;
				CLANG_WARN_DIRECT_OBJC_ISA_USAGE = YES_ERROR;
				CLANG_WARN_DOCUMENTATION_COMMENTS = YES;
				CLANG_WARN_EMPTY_BODY = YES;
				CLANG_WARN_ENUM_CONVERSION = YES;
				CLANG_WARN_INFINITE_RECURSION = YES;
				CLANG_WARN_INT_CONVERSION = YES;
				CLANG_WARN_NON_LITERAL_NULL_CONVERSION = YES;
				CLANG_WARN_OBJC_IMPLICIT_RETAIN_SELF = YES;
				CLANG_WARN_OBJC_LITERAL_CONVERSION = YES;
				CLANG_WARN_OBJC_ROOT_CLASS = YES_ERROR;
				CLANG_WARN_QUOTED_INCLUDE_IN_FRAMEWORK_HEADER = YES;
				CLANG_WARN_RANGE_LOOP_ANALYSIS = YES;
				CLANG_WARN_STRICT_PROTOTYPES = YES;
				CLANG_WARN_SUSPICIOUS_MOVE = YES;
				CLANG_WARN_UNGUARDED_AVAILABILITY = YES_AGGRESSIVE;
				CLANG_WARN_UNREACHABLE_CODE = YES;
				CLANG_WARN__DUPLICATE_METHOD_MATCH = YES;
				COPY_PHASE_STRIP = NO;
				DEBUG_INFORMATION_FORMAT = dwarf;
				ENABLE_STRICT_OBJC_MSGSEND = YES;
				ENABLE_TESTABILITY = YES;
				ENABLE_USER_SCRIPT_SANDBOXING = YES;
				GCC_C_LANGUAGE_STANDARD = gnu17;
				GCC_DYNAMIC_NO_PIC = NO;
				GCC_NO_COMMON_BLOCKS = YES;
				GCC_OPTIMIZATION_LEVEL = 0;
				GCC_PREPROCESSOR_DEFINITIONS = (
					"DEBUG=1",
					"$(inherited)",
				);
				GCC_WARN_64_TO_32_BIT_CONVERSION = YES;
				GCC_WARN_ABOUT_RETURN_TYPE = YES_ERROR;
				GCC_WARN_UNDECLARED_SELECTOR = YES;
				GCC_WARN_UNINITIALIZED_AUTOS = YES_AGGRESSIVE;
				GCC_WARN_UNUSED_FUNCTION = YES;
				GCC_WARN_UNUSED_VARIABLE = YES;
				IPHONEOS_DEPLOYMENT_TARGET = 17.5;
				LOCALIZATION_PREFERS_STRING_CATALOGS = YES;
				MTL_ENABLE_DEBUG_INFO = INCLUDE_SOURCE;
				MTL_FAST_MATH = YES;
				ONLY_ACTIVE_ARCH = YES;
				SDKROOT = iphoneos;
				SWIFT_ACTIVE_COMPILATION_CONDITIONS = "DEBUG $(inherited)";
				SWIFT_OPTIMIZATION_LEVEL = "-Onone";
			};
			name = Debug;
		};
		4A6EA2752CAFCA1E0064FC06 /* Release */ = {
			isa = XCBuildConfiguration;
			buildSettings = {
				ALWAYS_SEARCH_USER_PATHS = NO;
				ASSETCATALOG_COMPILER_GENERATE_SWIFT_ASSET_SYMBOL_EXTENSIONS = YES;
				CLANG_ANALYZER_NONNULL = YES;
				CLANG_ANALYZER_NUMBER_OBJECT_CONVERSION = YES_AGGRESSIVE;
				CLANG_CXX_LANGUAGE_STANDARD = "gnu++20";
				CLANG_ENABLE_MODULES = YES;
				CLANG_ENABLE_OBJC_ARC = YES;
				CLANG_ENABLE_OBJC_WEAK = YES;
				CLANG_WARN_BLOCK_CAPTURE_AUTORELEASING = YES;
				CLANG_WARN_BOOL_CONVERSION = YES;
				CLANG_WARN_COMMA = YES;
				CLANG_WARN_CONSTANT_CONVERSION = YES;
				CLANG_WARN_DEPRECATED_OBJC_IMPLEMENTATIONS = YES;
				CLANG_WARN_DIRECT_OBJC_ISA_USAGE = YES_ERROR;
				CLANG_WARN_DOCUMENTATION_COMMENTS = YES;
				CLANG_WARN_EMPTY_BODY = YES;
				CLANG_WARN_ENUM_CONVERSION = YES;
				CLANG_WARN_INFINITE_RECURSION = YES;
				CLANG_WARN_INT_CONVERSION = YES;
				CLANG_WARN_NON_LITERAL_NULL_CONVERSION = YES;
				CLANG_WARN_OBJC_IMPLICIT_RETAIN_SELF = YES;
				CLANG_WARN_OBJC_LITERAL_CONVERSION = YES;
				CLANG_WARN_OBJC_ROOT_CLASS = YES_ERROR;
				CLANG_WARN_QUOTED_INCLUDE_IN_FRAMEWORK_HEADER = YES;
				CLANG_WARN_RANGE_LOOP_ANALYSIS = YES;
				CLANG_WARN_STRICT_PROTOTYPES = YES;
				CLANG_WARN_SUSPICIOUS_MOVE = YES;
				CLANG_WARN_UNGUARDED_AVAILABILITY = YES_AGGRESSIVE;
				CLANG_WARN_UNREACHABLE_CODE = YES;
				CLANG_WARN__DUPLICATE_METHOD_MATCH = YES;
				COPY_PHASE_STRIP = NO;
				DEBUG_INFORMATION_FORMAT = "dwarf-with-dsym";
				ENABLE_NS_ASSERTIONS = NO;
				ENABLE_STRICT_OBJC_MSGSEND = YES;
				ENABLE_USER_SCRIPT_SANDBOXING = YES;
				GCC_C_LANGUAGE_STANDARD = gnu17;
				GCC_NO_COMMON_BLOCKS = YES;
				GCC_WARN_64_TO_32_BIT_CONVERSION = YES;
				GCC_WARN_ABOUT_RETURN_TYPE = YES_ERROR;
				GCC_WARN_UNDECLARED_SELECTOR = YES;
				GCC_WARN_UNINITIALIZED_AUTOS = YES_AGGRESSIVE;
				GCC_WARN_UNUSED_FUNCTION = YES;
				GCC_WARN_UNUSED_VARIABLE = YES;
				IPHONEOS_DEPLOYMENT_TARGET = 17.5;
				LOCALIZATION_PREFERS_STRING_CATALOGS = YES;
				MTL_ENABLE_DEBUG_INFO = NO;
				MTL_FAST_MATH = YES;
				SDKROOT = iphoneos;
				SWIFT_COMPILATION_MODE = wholemodule;
				VALIDATE_PRODUCT = YES;
			};
			name = Release;
		};
		4A6EA2772CAFCA1E0064FC06 /* Debug */ = {
			isa = XCBuildConfiguration;
			buildSettings = {
				ASSETCATALOG_COMPILER_APPICON_NAME = AppIcon;
				ASSETCATALOG_COMPILER_GLOBAL_ACCENT_COLOR_NAME = AccentColor;
				CODE_SIGN_STYLE = Automatic;
				CURRENT_PROJECT_VERSION = 1;
				DEVELOPMENT_ASSET_PATHS = "\"EmojiArt/Preview Content\"";
				DEVELOPMENT_TEAM = 9N29P2V4ZZ;
				ENABLE_PREVIEWS = YES;
				GENERATE_INFOPLIST_FILE = YES;
				INFOPLIST_FILE = EmojiArt/Info.plist;
				INFOPLIST_KEY_UIApplicationSceneManifest_Generation = YES;
				INFOPLIST_KEY_UIApplicationSupportsIndirectInputEvents = YES;
				INFOPLIST_KEY_UILaunchScreen_Generation = YES;
				INFOPLIST_KEY_UISupportedInterfaceOrientations_iPad = "UIInterfaceOrientationPortrait UIInterfaceOrientationPortraitUpsideDown UIInterfaceOrientationLandscapeLeft UIInterfaceOrientationLandscapeRight";
				INFOPLIST_KEY_UISupportedInterfaceOrientations_iPhone = "UIInterfaceOrientationPortrait UIInterfaceOrientationLandscapeLeft UIInterfaceOrientationLandscapeRight";
				INFOPLIST_KEY_UISupportsDocumentBrowser = YES;
				LD_RUNPATH_SEARCH_PATHS = (
					"$(inherited)",
					"@executable_path/Frameworks",
				);
				MARKETING_VERSION = 1.0;
				PRODUCT_BUNDLE_IDENTIFIER = com.jiajiachen.EmojiArt;
				PRODUCT_NAME = "$(TARGET_NAME)";
				SWIFT_EMIT_LOC_STRINGS = YES;
				SWIFT_VERSION = 5.0;
				TARGETED_DEVICE_FAMILY = "1,2";
			};
			name = Debug;
		};
		4A6EA2782CAFCA1E0064FC06 /* Release */ = {
			isa = XCBuildConfiguration;
			buildSettings = {
				ASSETCATALOG_COMPILER_APPICON_NAME = AppIcon;
				ASSETCATALOG_COMPILER_GLOBAL_ACCENT_COLOR_NAME = AccentColor;
				CODE_SIGN_STYLE = Automatic;
				CURRENT_PROJECT_VERSION = 1;
				DEVELOPMENT_ASSET_PATHS = "\"EmojiArt/Preview Content\"";
				DEVELOPMENT_TEAM = 9N29P2V4ZZ;
				ENABLE_PREVIEWS = YES;
				GENERATE_INFOPLIST_FILE = YES;
				INFOPLIST_FILE = EmojiArt/Info.plist;
				INFOPLIST_KEY_UIApplicationSceneManifest_Generation = YES;
				INFOPLIST_KEY_UIApplicationSupportsIndirectInputEvents = YES;
				INFOPLIST_KEY_UILaunchScreen_Generation = YES;
				INFOPLIST_KEY_UISupportedInterfaceOrientations_iPad = "UIInterfaceOrientationPortrait UIInterfaceOrientationPortraitUpsideDown UIInterfaceOrientationLandscapeLeft UIInterfaceOrientationLandscapeRight";
				INFOPLIST_KEY_UISupportedInterfaceOrientations_iPhone = "UIInterfaceOrientationPortrait UIInterfaceOrientationLandscapeLeft UIInterfaceOrientationLandscapeRight";
				INFOPLIST_KEY_UISupportsDocumentBrowser = YES;
				LD_RUNPATH_SEARCH_PATHS = (
					"$(inherited)",
					"@executable_path/Frameworks",
				);
				MARKETING_VERSION = 1.0;
				PRODUCT_BUNDLE_IDENTIFIER = com.jiajiachen.EmojiArt;
				PRODUCT_NAME = "$(TARGET_NAME)";
				SWIFT_EMIT_LOC_STRINGS = YES;
				SWIFT_VERSION = 5.0;
				TARGETED_DEVICE_FAMILY = "1,2";
			};
			name = Release;
		};
/* End XCBuildConfiguration section */

/* Begin XCConfigurationList section */
		4A6EA2632CAFCA170064FC06 /* Build configuration list for PBXProject "EmojiArt" */ = {
			isa = XCConfigurationList;
			buildConfigurations = (
				4A6EA2742CAFCA1E0064FC06 /* Debug */,
				4A6EA2752CAFCA1E0064FC06 /* Release */,
			);
			defaultConfigurationIsVisible = 0;
			defaultConfigurationName = Release;
		};
		4A6EA2762CAFCA1E0064FC06 /* Build configuration list for PBXNativeTarget "EmojiArt" */ = {
			isa = XCConfigurationList;
			buildConfigurations = (
				4A6EA2772CAFCA1E0064FC06 /* Debug */,
				4A6EA2782CAFCA1E0064FC06 /* Release */,
			);
			defaultConfigurationIsVisible = 0;
			defaultConfigurationName = Release;
		};
/* End XCConfigurationList section */
	};
	rootObject = 4A6EA2602CAFCA170064FC06 /* Project object */;
}
